// !$*UTF8*$!
{
	archiveVersion = 1;
	classes = {
	};
	objectVersion = 46;
	objects = {

/* Begin PBXBuildFile section */
		341107E61AFC474D003D78A5 /* AppDelegate.swift in Sources */ = {isa = PBXBuildFile; fileRef = 341107E51AFC474D003D78A5 /* AppDelegate.swift */; };
		341107E81AFC474D003D78A5 /* ViewController.swift in Sources */ = {isa = PBXBuildFile; fileRef = 341107E71AFC474D003D78A5 /* ViewController.swift */; };
		341107EB1AFC474D003D78A5 /* Main.storyboard in Resources */ = {isa = PBXBuildFile; fileRef = 341107E91AFC474D003D78A5 /* Main.storyboard */; };
		341107ED1AFC474D003D78A5 /* Images.xcassets in Resources */ = {isa = PBXBuildFile; fileRef = 341107EC1AFC474D003D78A5 /* Images.xcassets */; };
		341107F01AFC474D003D78A5 /* LaunchScreen.xib in Resources */ = {isa = PBXBuildFile; fileRef = 341107EE1AFC474D003D78A5 /* LaunchScreen.xib */; };
		341107FC1AFC474D003D78A5 /* Postcard3Tests.swift in Sources */ = {isa = PBXBuildFile; fileRef = 341107FB1AFC474D003D78A5 /* Postcard3Tests.swift */; };
/* End PBXBuildFile section */

/* Begin PBXContainerItemProxy section */
		341107F61AFC474D003D78A5 /* PBXContainerItemProxy */ = {
			isa = PBXContainerItemProxy;
			containerPortal = 341107D81AFC474D003D78A5 /* Project object */;
			proxyType = 1;
			remoteGlobalIDString = 341107DF1AFC474D003D78A5;
			remoteInfo = Postcard3;
		};
/* End PBXContainerItemProxy section */

/* Begin PBXFileReference section */
		341107E01AFC474D003D78A5 /* Postcard3.app */ = {isa = PBXFileReference; explicitFileType = wrapper.application; includeInIndex = 0; path = Postcard3.app; sourceTree = BUILT_PRODUCTS_DIR; };
		341107E41AFC474D003D78A5 /* Info.plist */ = {isa = PBXFileReference; lastKnownFileType = text.plist.xml; path = Info.plist; sourceTree = "<group>"; };
		341107E51AFC474D003D78A5 /* AppDelegate.swift */ = {isa = PBXFileReference; lastKnownFileType = sourcecode.swift; path = AppDelegate.swift; sourceTree = "<group>"; };
		341107E71AFC474D003D78A5 /* ViewController.swift */ = {isa = PBXFileReference; lastKnownFileType = sourcecode.swift; path = ViewController.swift; sourceTree = "<group>"; };
		341107EA1AFC474D003D78A5 /* Base */ = {isa = PBXFileReference; lastKnownFileType = file.storyboard; name = Base; path = Base.lproj/Main.storyboard; sourceTree = "<group>"; };
		341107EC1AFC474D003D78A5 /* Images.xcassets */ = {isa = PBXFileReference; lastKnownFileType = folder.assetcatalog; path = Images.xcassets; sourceTree = "<group>"; };
		341107EF1AFC474D003D78A5 /* Base */ = {isa = PBXFileReference; lastKnownFileType = file.xib; name = Base; path = Base.lproj/LaunchScreen.xib; sourceTree = "<group>"; };
		341107F51AFC474D003D78A5 /* Postcard3Tests.xctest */ = {isa = PBXFileReference; explicitFileType = wrapper.cfbundle; includeInIndex = 0; path = Postcard3Tests.xctest; sourceTree = BUILT_PRODUCTS_DIR; };
		341107FA1AFC474D003D78A5 /* Info.plist */ = {isa = PBXFileReference; lastKnownFileType = text.plist.xml; path = Info.plist; sourceTree = "<group>"; };
		341107FB1AFC474D003D78A5 /* Postcard3Tests.swift */ = {isa = PBXFileReference; lastKnownFileType = sourcecode.swift; path = Postcard3Tests.swift; sourceTree = "<group>"; };
/* End PBXFileReference section */

/* Begin PBXFrameworksBuildPhase section */
		341107DD1AFC474D003D78A5 /* Frameworks */ = {
			isa = PBXFrameworksBuildPhase;
			buildActionMask = 2147483647;
			files = (
			);
			runOnlyForDeploymentPostprocessing = 0;
		};
		341107F21AFC474D003D78A5 /* Frameworks */ = {
			isa = PBXFrameworksBuildPhase;
			buildActionMask = 2147483647;
			files = (
			);
			runOnlyForDeploymentPostprocessing = 0;
		};
/* End PBXFrameworksBuildPhase section */

/* Begin PBXGroup section */
		341107D71AFC474D003D78A5 = {
			isa = PBXGroup;
			children = (
				341107E21AFC474D003D78A5 /* Postcard3 */,
				341107F81AFC474D003D78A5 /* Postcard3Tests */,
				341107E11AFC474D003D78A5 /* Products */,
			);
			sourceTree = "<group>";
		};
		341107E11AFC474D003D78A5 /* Products */ = {
			isa = PBXGroup;
			children = (
				341107E01AFC474D003D78A5 /* Postcard3.app */,
				341107F51AFC474D003D78A5 /* Postcard3Tests.xctest */,
			);
			name = Products;
			sourceTree = "<group>";
		};
		341107E21AFC474D003D78A5 /* Postcard3 */ = {
			isa = PBXGroup;
			children = (
				341107E51AFC474D003D78A5 /* AppDelegate.swift */,
				341107E71AFC474D003D78A5 /* ViewController.swift */,
				341107E91AFC474D003D78A5 /* Main.storyboard */,
				341107EC1AFC474D003D78A5 /* Images.xcassets */,
				341107EE1AFC474D003D78A5 /* LaunchScreen.xib */,
				341107E31AFC474D003D78A5 /* Supporting Files */,
			);
			path = Postcard3;
			sourceTree = "<group>";
		};
		341107E31AFC474D003D78A5 /* Supporting Files */ = {
			isa = PBXGroup;
			children = (
				341107E41AFC474D003D78A5 /* Info.plist */,
			);
			name = "Supporting Files";
			sourceTree = "<group>";
		};
		341107F81AFC474D003D78A5 /* Postcard3Tests */ = {
			isa = PBXGroup;
			children = (
				341107FB1AFC474D003D78A5 /* Postcard3Tests.swift */,
				341107F91AFC474D003D78A5 /* Supporting Files */,
			);
			path = Postcard3Tests;
			sourceTree = "<group>";
		};
		341107F91AFC474D003D78A5 /* Supporting Files */ = {
			isa = PBXGroup;
			children = (
				341107FA1AFC474D003D78A5 /* Info.plist */,
			);
			name = "Supporting Files";
			sourceTree = "<group>";
		};
/* End PBXGroup section */

/* Begin PBXNativeTarget section */
		341107DF1AFC474D003D78A5 /* Postcard3 */ = {
			isa = PBXNativeTarget;
			buildConfigurationList = 341107FF1AFC474D003D78A5 /* Build configuration list for PBXNativeTarget "Postcard3" */;
			buildPhases = (
				341107DC1AFC474D003D78A5 /* Sources */,
				341107DD1AFC474D003D78A5 /* Frameworks */,
				341107DE1AFC474D003D78A5 /* Resources */,
			);
			buildRules = (
			);
			dependencies = (
			);
			name = Postcard3;
			productName = Postcard3;
			productReference = 341107E01AFC474D003D78A5 /* Postcard3.app */;
			productType = "com.apple.product-type.application";
		};
		341107F41AFC474D003D78A5 /* Postcard3Tests */ = {
			isa = PBXNativeTarget;
			buildConfigurationList = 341108021AFC474D003D78A5 /* Build configuration list for PBXNativeTarget "Postcard3Tests" */;
			buildPhases = (
				341107F11AFC474D003D78A5 /* Sources */,
				341107F21AFC474D003D78A5 /* Frameworks */,
				341107F31AFC474D003D78A5 /* Resources */,
			);
			buildRules = (
			);
			dependencies = (
				341107F71AFC474D003D78A5 /* PBXTargetDependency */,
			);
			name = Postcard3Tests;
			productName = Postcard3Tests;
			productReference = 341107F51AFC474D003D78A5 /* Postcard3Tests.xctest */;
			productType = "com.apple.product-type.bundle.unit-test";
		};
/* End PBXNativeTarget section */

/* Begin PBXProject section */
		341107D81AFC474D003D78A5 /* Project object */ = {
			isa = PBXProject;
			attributes = {
				LastUpgradeCheck = 0630;
				ORGANIZATIONNAME = "Dominick Sinicropi";
				TargetAttributes = {
					341107DF1AFC474D003D78A5 = {
						CreatedOnToolsVersion = 6.3.1;
					};
					341107F41AFC474D003D78A5 = {
						CreatedOnToolsVersion = 6.3.1;
						TestTargetID = 341107DF1AFC474D003D78A5;
					};
				};
			};
			buildConfigurationList = 341107DB1AFC474D003D78A5 /* Build configuration list for PBXProject "Postcard3" */;
			compatibilityVersion = "Xcode 3.2";
			developmentRegion = English;
			hasScannedForEncodings = 0;
			knownRegions = (
				en,
				Base,
			);
			mainGroup = 341107D71AFC474D003D78A5;
			productRefGroup = 341107E11AFC474D003D78A5 /* Products */;
			projectDirPath = "";
			projectRoot = "";
			targets = (
				341107DF1AFC474D003D78A5 /* Postcard3 */,
				341107F41AFC474D003D78A5 /* Postcard3Tests */,
			);
		};
/* End PBXProject section */

/* Begin PBXResourcesBuildPhase section */
		341107DE1AFC474D003D78A5 /* Resources */ = {
			isa = PBXResourcesBuildPhase;
			buildActionMask = 2147483647;
			files = (
				341107EB1AFC474D003D78A5 /* Main.storyboard in Resources */,
				341107F01AFC474D003D78A5 /* LaunchScreen.xib in Resources */,
				341107ED1AFC474D003D78A5 /* Images.xcassets in Resources */,
			);
			runOnlyForDeploymentPostprocessing = 0;
		};
		341107F31AFC474D003D78A5 /* Resources */ = {
			isa = PBXResourcesBuildPhase;
			buildActionMask = 2147483647;
			files = (
			);
			runOnlyForDeploymentPostprocessing = 0;
		};
/* End PBXResourcesBuildPhase section */

/* Begin PBXSourcesBuildPhase section */
		341107DC1AFC474D003D78A5 /* Sources */ = {
			isa = PBXSourcesBuildPhase;
			buildActionMask = 2147483647;
			files = (
				341107E81AFC474D003D78A5 /* ViewController.swift in Sources */,
				341107E61AFC474D003D78A5 /* AppDelegate.swift in Sources */,
			);
			runOnlyForDeploymentPostprocessing = 0;
		};
		341107F11AFC474D003D78A5 /* Sources */ = {
			isa = PBXSourcesBuildPhase;
			buildActionMask = 2147483647;
			files = (
				341107FC1AFC474D003D78A5 /* Postcard3Tests.swift in Sources */,
			);
			runOnlyForDeploymentPostprocessing = 0;
		};
/* End PBXSourcesBuildPhase section */

/* Begin PBXTargetDependency section */
		341107F71AFC474D003D78A5 /* PBXTargetDependency */ = {
			isa = PBXTargetDependency;
			target = 341107DF1AFC474D003D78A5 /* Postcard3 */;
			targetProxy = 341107F61AFC474D003D78A5 /* PBXContainerItemProxy */;
		};
/* End PBXTargetDependency section */

/* Begin PBXVariantGroup section */
		341107E91AFC474D003D78A5 /* Main.storyboard */ = {
			isa = PBXVariantGroup;
			children = (
				341107EA1AFC474D003D78A5 /* Base */,
			);
			name = Main.storyboard;
			sourceTree = "<group>";
		};
		341107EE1AFC474D003D78A5 /* LaunchScreen.xib */ = {
			isa = PBXVariantGroup;
			children = (
				341107EF1AFC474D003D78A5 /* Base */,
			);
			name = LaunchScreen.xib;
			sourceTree = "<group>";
		};
/* End PBXVariantGroup section */

/* Begin XCBuildConfiguration section */
		341107FD1AFC474D003D78A5 /* Debug */ = {
			isa = XCBuildConfiguration;
			buildSettings = {
				ALWAYS_SEARCH_USER_PATHS = NO;
				CLANG_CXX_LANGUAGE_STANDARD = "gnu++0x";
				CLANG_CXX_LIBRARY = "libc++";
				CLANG_ENABLE_MODULES = YES;
				CLANG_ENABLE_OBJC_ARC = YES;
				CLANG_WARN_BOOL_CONVERSION = YES;
				CLANG_WARN_CONSTANT_CONVERSION = YES;
				CLANG_WARN_DIRECT_OBJC_ISA_USAGE = YES_ERROR;
				CLANG_WARN_EMPTY_BODY = YES;
				CLANG_WARN_ENUM_CONVERSION = YES;
				CLANG_WARN_INT_CONVERSION = YES;
				CLANG_WARN_OBJC_ROOT_CLASS = YES_ERROR;
				CLANG_WARN_UNREACHABLE_CODE = YES;
				CLANG_WARN__DUPLICATE_METHOD_MATCH = YES;
				"CODE_SIGN_IDENTITY[sdk=iphoneos*]" = "iPhone Developer";
				COPY_PHASE_STRIP = NO;
				DEBUG_INFORMATION_FORMAT = "dwarf-with-dsym";
				ENABLE_STRICT_OBJC_MSGSEND = YES;
				GCC_C_LANGUAGE_STANDARD = gnu99;
				GCC_DYNAMIC_NO_PIC = NO;
				GCC_NO_COMMON_BLOCKS = YES;
				GCC_OPTIMIZATION_LEVEL = 0;
				GCC_PREPROCESSOR_DEFINITIONS = (
					"DEBUG=1",
					"$(inherited)",
				);
				GCC_SYMBOLS_PRIVATE_EXTERN = NO;
				GCC_WARN_64_TO_32_BIT_CONVERSION = YES;
				GCC_WARN_ABOUT_RETURN_TYPE = YES_ERROR;
				GCC_WARN_UNDECLARED_SELECTOR = YES;
				GCC_WARN_UNINITIALIZED_AUTOS = YES_AGGRESSIVE;
				GCC_WARN_UNUSED_FUNCTION = YES;
				GCC_WARN_UNUSED_VARIABLE = YES;
				IPHONEOS_DEPLOYMENT_TARGET = 8.3;
				MTL_ENABLE_DEBUG_INFO = YES;
				ONLY_ACTIVE_ARCH = YES;
				SDKROOT = iphoneos;
				SWIFT_OPTIMIZATION_LEVEL = "-Onone";
				TARGETED_DEVICE_FAMILY = "1,2";
			};
			name = Debug;
		};
		341107FE1AFC474D003D78A5 /* Release */ = {
			isa = XCBuildConfiguration;
			buildSettings = {
				ALWAYS_SEARCH_USER_PATHS = NO;
				CLANG_CXX_LANGUAGE_STANDARD = "gnu++0x";
				CLANG_CXX_LIBRARY = "libc++";
				CLANG_ENABLE_MODULES = YES;
				CLANG_ENABLE_OBJC_ARC = YES;
				CLANG_WARN_BOOL_CONVERSION = YES;
				CLANG_WARN_CONSTANT_CONVERSION = YES;
				CLANG_WARN_DIRECT_OBJC_ISA_USAGE = YES_ERROR;
				CLANG_WARN_EMPTY_BODY = YES;
				CLANG_WARN_ENUM_CONVERSION = YES;
				CLANG_WARN_INT_CONVERSION = YES;
				CLANG_WARN_OBJC_ROOT_CLASS = YES_ERROR;
				CLANG_WARN_UNREACHABLE_CODE = YES;
				CLANG_WARN__DUPLICATE_METHOD_MATCH = YES;
				"CODE_SIGN_IDENTITY[sdk=iphoneos*]" = "iPhone Developer";
				COPY_PHASE_STRIP = NO;
				DEBUG_INFORMATION_FORMAT = "dwarf-with-dsym";
				ENABLE_NS_ASSERTIONS = NO;
				ENABLE_STRICT_OBJC_MSGSEND = YES;
				GCC_C_LANGUAGE_STANDARD = gnu99;
				GCC_NO_COMMON_BLOCKS = YES;
				GCC_WARN_64_TO_32_BIT_CONVERSION = YES;
				GCC_WARN_ABOUT_RETURN_TYPE = YES_ERROR;
				GCC_WARN_UNDECLARED_SELECTOR = YES;
				GCC_WARN_UNINITIALIZED_AUTOS = YES_AGGRESSIVE;
				GCC_WARN_UNUSED_FUNCTION = YES;
				GCC_WARN_UNUSED_VARIABLE = YES;
				IPHONEOS_DEPLOYMENT_TARGET = 8.3;
				MTL_ENABLE_DEBUG_INFO = NO;
				SDKROOT = iphoneos;
				TARGETED_DEVICE_FAMILY = "1,2";
				VALIDATE_PRODUCT = YES;
			};
			name = Release;
		};
		341108001AFC474D003D78A5 /* Debug */ = {
			isa = XCBuildConfiguration;
			buildSettings = {
				ASSETCATALOG_COMPILER_APPICON_NAME = AppIcon;
				INFOPLIST_FILE = Postcard3/Info.plist;
				LD_RUNPATH_SEARCH_PATHS = "$(inherited) @executable_path/Frameworks";
				PRODUCT_NAME = "$(TARGET_NAME)";
			};
			name = Debug;
		};
		341108011AFC474D003D78A5 /* Release */ = {
			isa = XCBuildConfiguration;
			buildSettings = {
				ASSETCATALOG_COMPILER_APPICON_NAME = AppIcon;
				INFOPLIST_FILE = Postcard3/Info.plist;
				LD_RUNPATH_SEARCH_PATHS = "$(inherited) @executable_path/Frameworks";
				PRODUCT_NAME = "$(TARGET_NAME)";
			};
			name = Release;
		};
		341108031AFC474D003D78A5 /* Debug */ = {
			isa = XCBuildConfiguration;
			buildSettings = {
				BUNDLE_LOADER = "$(TEST_HOST)";
				FRAMEWORK_SEARCH_PATHS = (
					"$(SDKROOT)/Developer/Library/Frameworks",
					"$(inherited)",
				);
				GCC_PREPROCESSOR_DEFINITIONS = (
					"DEBUG=1",
					"$(inherited)",
				);
				INFOPLIST_FILE = Postcard3Tests/Info.plist;
				LD_RUNPATH_SEARCH_PATHS = "$(inherited) @executable_path/Frameworks @loader_path/Frameworks";
				PRODUCT_NAME = "$(TARGET_NAME)";
				TEST_HOST = "$(BUILT_PRODUCTS_DIR)/Postcard3.app/Postcard3";
			};
			name = Debug;
		};
		341108041AFC474D003D78A5 /* Release */ = {
			isa = XCBuildConfiguration;
			buildSettings = {
				BUNDLE_LOADER = "$(TEST_HOST)";
				FRAMEWORK_SEARCH_PATHS = (
					"$(SDKROOT)/Developer/Library/Frameworks",
					"$(inherited)",
				);
				INFOPLIST_FILE = Postcard3Tests/Info.plist;
				LD_RUNPATH_SEARCH_PATHS = "$(inherited) @executable_path/Frameworks @loader_path/Frameworks";
				PRODUCT_NAME = "$(TARGET_NAME)";
				TEST_HOST = "$(BUILT_PRODUCTS_DIR)/Postcard3.app/Postcard3";
			};
			name = Release;
		};
/* End XCBuildConfiguration section */

/* Begin XCConfigurationList section */
		341107DB1AFC474D003D78A5 /* Build configuration list for PBXProject "Postcard3" */ = {
			isa = XCConfigurationList;
			buildConfigurations = (
				341107FD1AFC474D003D78A5 /* Debug */,
				341107FE1AFC474D003D78A5 /* Release */,
			);
			defaultConfigurationIsVisible = 0;
			defaultConfigurationName = Release;
		};
		341107FF1AFC474D003D78A5 /* Build configuration list for PBXNativeTarget "Postcard3" */ = {
			isa = XCConfigurationList;
			buildConfigurations = (
				341108001AFC474D003D78A5 /* Debug */,
				341108011AFC474D003D78A5 /* Release */,
			);
			defaultConfigurationIsVisible = 0;
		};
		341108021AFC474D003D78A5 /* Build configuration list for PBXNativeTarget "Postcard3Tests" */ = {
			isa = XCConfigurationList;
			buildConfigurations = (
				341108031AFC474D003D78A5 /* Debug */,
				341108041AFC474D003D78A5 /* Release */,
			);
			defaultConfigurationIsVisible = 0;
		};
/* End XCConfigurationList section */
	};
	rootObject = 341107D81AFC474D003D78A5 /* Project object */;
}
